
Microsoft Visual Studio Solution File, Format Version 12.00
# Visual Studio Version 17
VisualStudioVersion = 17.14.36121.58 d17.14
MinimumVisualStudioVersion = 10.0.40219.1
Project("{FAE04EC0-301F-11D3-BF4B-00C04F79EFBC}") = "PRN232_QuizletUI", "PRN232_QuizletUI\PRN232_QuizletUI.csproj", "{5162E7C5-3866-4C58-B32D-2D10FC0312F4}"
EndProject
Global
	GlobalSection(SolutionConfigurationPlatforms) = preSolution
		Debug|Any CPU = Debug|Any CPU
		Release|Any CPU = Release|Any CPU
	EndGlobalSection
	GlobalSection(ProjectConfigurationPlatforms) = postSolution
		{5162E7C5-3866-4C58-B32D-2D10FC0312F4}.Debug|Any CPU.ActiveCfg = Debug|Any CPU
		{5162E7C5-3866-4C58-B32D-2D10FC0312F4}.Debug|Any CPU.Build.0 = Debug|Any CPU
		{5162E7C5-3866-4C58-B32D-2D10FC0312F4}.Release|Any CPU.ActiveCfg = Release|Any CPU
		{5162E7C5-3866-4C58-B32D-2D10FC0312F4}.Release|Any CPU.Build.0 = Release|Any CPU
	EndGlobalSection
	GlobalSection(SolutionProperties) = preSolution
		HideSolutionNode = FALSE
	EndGlobalSection
	GlobalSection(ExtensibilityGlobals) = postSolution
		SolutionGuid = {16D3BA90-4C0A-4DDC-84F2-D5A4C509CB74}
	EndGlobalSection
EndGlobal
